
Microsoft Visual Studio Solution File, Format Version 12.00
# Visual Studio Version 16
VisualStudioVersion = 16.0.31624.102
MinimumVisualStudioVersion = 10.0.40219.1
Project("{8BC9CEB8-8B4A-11D0-8D11-00A0C91BC942}") = "Project2", "Project2\Project2.vcxproj", "{99FD901B-F75C-4577-AAE1-35AB83339FBF}"
EndProject
Global
	GlobalSection(SolutionConfigurationPlatforms) = preSolution
		Debug|x64 = Debug|x64
		Debug|x86 = Debug|x86
		Release|x64 = Release|x64
		Release|x86 = Release|x86
	EndGlobalSection
	GlobalSection(ProjectConfigurationPlatforms) = postSolution
		{99FD901B-F75C-4577-AAE1-35AB83339FBF}.Debug|x64.ActiveCfg = Debug|x64
		{99FD901B-F75C-4577-AAE1-35AB83339FBF}.Debug|x64.Build.0 = Debug|x64
		{99FD901B-F75C-4577-AAE1-35AB83339FBF}.Debug|x86.ActiveCfg = Debug|Win32
		{99FD901B-F75C-4577-AAE1-35AB83339FBF}.Debug|x86.Build.0 = Debug|Win32
		{99FD901B-F75C-4577-AAE1-35AB83339FBF}.Release|x64.ActiveCfg = Release|x64
		{99FD901B-F75C-4577-AAE1-35AB83339FBF}.Release|x64.Build.0 = Release|x64
		{99FD901B-F75C-4577-AAE1-35AB83339FBF}.Release|x86.ActiveCfg = Release|Win32
		{99FD901B-F75C-4577-AAE1-35AB83339FBF}.Release|x86.Build.0 = Release|Win32
	EndGlobalSection
	GlobalSection(SolutionProperties) = preSolution
		HideSolutionNode = FALSE
	EndGlobalSection
	GlobalSection(ExtensibilityGlobals) = postSolution
		SolutionGuid = {6195CE23-CA32-4A30-A4E3-64A6B38C16E0}
	EndGlobalSection
EndGlobal
